
Microsoft Visual Studio Solution File, Format Version 12.00
# Visual Studio Version 16
VisualStudioVersion = 16.0.29009.5
MinimumVisualStudioVersion = 10.0.40219.1
Project("{9A19103F-16F7-4668-BE54-9A1E7A4F7556}") = "LyfrAPI.Models", "LyfrAPI.Models\LyfrAPI.Models.csproj", "{F67136F4-6C77-4D47-A951-303E1137691D}"
EndProject
Project("{9A19103F-16F7-4668-BE54-9A1E7A4F7556}") = "LyfrAPI.Aplicacoes", "LyfrAPI.Aplicacoes\LyfrAPI.Aplicacoes.csproj", "{0A07CC07-3A79-424A-AC9A-EACB62DFC88B}"
EndProject
Project("{9A19103F-16F7-4668-BE54-9A1E7A4F7556}") = "LyfrAPI.Context", "LyfrAPI.Context\LyfrAPI.Context.csproj", "{F245E04C-D639-4948-BDD6-EB939E3F7105}"
EndProject
Project("{9A19103F-16F7-4668-BE54-9A1E7A4F7556}") = "LyfrAPI.Encryption", "LyfrAPI.Encryption\LyfrAPI.Encryption.csproj", "{1CDB2093-63EF-49F5-AE4B-ED1A69E49C76}"
EndProject
Project("{9A19103F-16F7-4668-BE54-9A1E7A4F7556}") = "LyfrAPI.Emails", "LyfrAPI.Emails\LyfrAPI.Emails.csproj", "{4429785D-547E-401C-BEB1-CA3B4BE64C17}"
EndProject
Project("{9A19103F-16F7-4668-BE54-9A1E7A4F7556}") = "LyfrAPI.Validations", "LyfrAPI.Validations\LyfrAPI.Validations.csproj", "{DE2C9F30-1305-499B-B384-BCE565D5FD5F}"
EndProject
Project("{9A19103F-16F7-4668-BE54-9A1E7A4F7556}") = "LyfrAPI.Files", "LyfrAPI.Files\LyfrAPI.Files.csproj", "{FDDC95A2-1C43-4118-AE2D-F6211E85E646}"
EndProject
Project("{9A19103F-16F7-4668-BE54-9A1E7A4F7556}") = "LyfrAPI", "LyfrAPI\LyfrAPI.csproj", "{40FD076A-3029-412D-9EBA-546E543C7D60}"
EndProject
Global
	GlobalSection(SolutionConfigurationPlatforms) = preSolution
		Debug|Any CPU = Debug|Any CPU
		Release|Any CPU = Release|Any CPU
	EndGlobalSection
	GlobalSection(ProjectConfigurationPlatforms) = postSolution
		{F67136F4-6C77-4D47-A951-303E1137691D}.Debug|Any CPU.ActiveCfg = Debug|Any CPU
		{F67136F4-6C77-4D47-A951-303E1137691D}.Debug|Any CPU.Build.0 = Debug|Any CPU
		{F67136F4-6C77-4D47-A951-303E1137691D}.Release|Any CPU.ActiveCfg = Release|Any CPU
		{F67136F4-6C77-4D47-A951-303E1137691D}.Release|Any CPU.Build.0 = Release|Any CPU
		{0A07CC07-3A79-424A-AC9A-EACB62DFC88B}.Debug|Any CPU.ActiveCfg = Debug|Any CPU
		{0A07CC07-3A79-424A-AC9A-EACB62DFC88B}.Debug|Any CPU.Build.0 = Debug|Any CPU
		{0A07CC07-3A79-424A-AC9A-EACB62DFC88B}.Release|Any CPU.ActiveCfg = Release|Any CPU
		{0A07CC07-3A79-424A-AC9A-EACB62DFC88B}.Release|Any CPU.Build.0 = Release|Any CPU
		{F245E04C-D639-4948-BDD6-EB939E3F7105}.Debug|Any CPU.ActiveCfg = Debug|Any CPU
		{F245E04C-D639-4948-BDD6-EB939E3F7105}.Debug|Any CPU.Build.0 = Debug|Any CPU
		{F245E04C-D639-4948-BDD6-EB939E3F7105}.Release|Any CPU.ActiveCfg = Release|Any CPU
		{F245E04C-D639-4948-BDD6-EB939E3F7105}.Release|Any CPU.Build.0 = Release|Any CPU
		{1CDB2093-63EF-49F5-AE4B-ED1A69E49C76}.Debug|Any CPU.ActiveCfg = Debug|Any CPU
		{1CDB2093-63EF-49F5-AE4B-ED1A69E49C76}.Debug|Any CPU.Build.0 = Debug|Any CPU
		{1CDB2093-63EF-49F5-AE4B-ED1A69E49C76}.Release|Any CPU.ActiveCfg = Release|Any CPU
		{1CDB2093-63EF-49F5-AE4B-ED1A69E49C76}.Release|Any CPU.Build.0 = Release|Any CPU
		{4429785D-547E-401C-BEB1-CA3B4BE64C17}.Debug|Any CPU.ActiveCfg = Debug|Any CPU
		{4429785D-547E-401C-BEB1-CA3B4BE64C17}.Debug|Any CPU.Build.0 = Debug|Any CPU
		{4429785D-547E-401C-BEB1-CA3B4BE64C17}.Release|Any CPU.ActiveCfg = Release|Any CPU
		{4429785D-547E-401C-BEB1-CA3B4BE64C17}.Release|Any CPU.Build.0 = Release|Any CPU
		{DE2C9F30-1305-499B-B384-BCE565D5FD5F}.Debug|Any CPU.ActiveCfg = Debug|Any CPU
		{DE2C9F30-1305-499B-B384-BCE565D5FD5F}.Debug|Any CPU.Build.0 = Debug|Any CPU
		{DE2C9F30-1305-499B-B384-BCE565D5FD5F}.Release|Any CPU.ActiveCfg = Release|Any CPU
		{DE2C9F30-1305-499B-B384-BCE565D5FD5F}.Release|Any CPU.Build.0 = Release|Any CPU
		{FDDC95A2-1C43-4118-AE2D-F6211E85E646}.Debug|Any CPU.ActiveCfg = Debug|Any CPU
		{FDDC95A2-1C43-4118-AE2D-F6211E85E646}.Debug|Any CPU.Build.0 = Debug|Any CPU
		{FDDC95A2-1C43-4118-AE2D-F6211E85E646}.Release|Any CPU.ActiveCfg = Release|Any CPU
		{FDDC95A2-1C43-4118-AE2D-F6211E85E646}.Release|Any CPU.Build.0 = Release|Any CPU
		{40FD076A-3029-412D-9EBA-546E543C7D60}.Debug|Any CPU.ActiveCfg = Debug|Any CPU
		{40FD076A-3029-412D-9EBA-546E543C7D60}.Debug|Any CPU.Build.0 = Debug|Any CPU
		{40FD076A-3029-412D-9EBA-546E543C7D60}.Release|Any CPU.ActiveCfg = Release|Any CPU
		{40FD076A-3029-412D-9EBA-546E543C7D60}.Release|Any CPU.Build.0 = Release|Any CPU
	EndGlobalSection
	GlobalSection(SolutionProperties) = preSolution
		HideSolutionNode = FALSE
	EndGlobalSection
	GlobalSection(ExtensibilityGlobals) = postSolution
		SolutionGuid = {ED0AA211-B1EC-4BD9-9AC5-6640782250A6}
	EndGlobalSection
EndGlobal
